
Microsoft Visual Studio Solution File, Format Version 12.00
# Visual Studio Version 17
VisualStudioVersion = 17.3.32929.385
MinimumVisualStudioVersion = 10.0.40219.1
Project("{FAE04EC0-301F-11D3-BF4B-00C04F79EFBC}") = "PD.Workademy.Exercises", "PD.Workademy.Exercises.csproj", "{219F8DF1-8A27-4192-9865-C9021036F096}"
EndProject
Global
	GlobalSection(SolutionConfigurationPlatforms) = preSolution
		Debug|Any CPU = Debug|Any CPU
		Release|Any CPU = Release|Any CPU
	EndGlobalSection
	GlobalSection(ProjectConfigurationPlatforms) = postSolution
		{219F8DF1-8A27-4192-9865-C9021036F096}.Debug|Any CPU.ActiveCfg = Debug|Any CPU
		{219F8DF1-8A27-4192-9865-C9021036F096}.Debug|Any CPU.Build.0 = Debug|Any CPU
		{219F8DF1-8A27-4192-9865-C9021036F096}.Release|Any CPU.ActiveCfg = Release|Any CPU
		{219F8DF1-8A27-4192-9865-C9021036F096}.Release|Any CPU.Build.0 = Release|Any CPU
	EndGlobalSection
	GlobalSection(SolutionProperties) = preSolution
		HideSolutionNode = FALSE
	EndGlobalSection
	GlobalSection(ExtensibilityGlobals) = postSolution
		SolutionGuid = {38D4AFFD-83FC-4B55-8C17-BB28ED175EFB}
	EndGlobalSection
EndGlobal
